// !$*UTF8*$!
{
	archiveVersion = 1;
	classes = {
	};
	objectVersion = 77;
	objects = {

/* Begin PBXBuildFile section */
		DD00AA000000000000000001 /* Transformers in Frameworks */ = {isa = PBXBuildFile; productRef = CC00AA000000000000000001 /* Transformers */; };
		DD00AA000000000000000002 /* Hub in Frameworks */ = {isa = PBXBuildFile; productRef = CC00AA000000000000000002 /* Hub */; };
		DD00AA000000000000000003 /* onnxruntime in Frameworks */ = {isa = PBXBuildFile; productRef = CC00AA000000000000000003 /* onnxruntime */; };
/* End PBXBuildFile section */

/* Begin PBXContainerItemProxy section */
		A8495AEA2F99FC7B0007EA19 /* PBXContainerItemProxy */ = {
			isa = PBXContainerItemProxy;
			containerPortal = A8495ACF2F99FC780007EA19 /* Project object */;
			proxyType = 1;
			remoteGlobalIDString = A8495AD62F99FC780007EA19;
			remoteInfo = "PII Redactor";
		};
		A8495AF42F99FC7B0007EA19 /* PBXContainerItemProxy */ = {
			isa = PBXContainerItemProxy;
			containerPortal = A8495ACF2F99FC780007EA19 /* Project object */;
			proxyType = 1;
			remoteGlobalIDString = A8495AD62F99FC780007EA19;
			remoteInfo = "PII Redactor";
		};
/* End PBXContainerItemProxy section */

/* Begin PBXFileReference section */
		A8495AD72F99FC780007EA19 /* PII Redactor.app */ = {isa = PBXFileReference; explicitFileType = wrapper.application; includeInIndex = 0; path = "PII Redactor.app"; sourceTree = BUILT_PRODUCTS_DIR; };
		A8495AE92F99FC7B0007EA19 /* PII RedactorTests.xctest */ = {isa = PBXFileReference; explicitFileType = wrapper.cfbundle; includeInIndex = 0; path = "PII RedactorTests.xctest"; sourceTree = BUILT_PRODUCTS_DIR; };
		A8495AF32F99FC7B0007EA19 /* PII RedactorUITests.xctest */ = {isa = PBXFileReference; explicitFileType = wrapper.cfbundle; includeInIndex = 0; path = "PII RedactorUITests.xctest"; sourceTree = BUILT_PRODUCTS_DIR; };
/* End PBXFileReference section */

/* Begin PBXFileSystemSynchronizedRootGroup section */
		A8495AD92F99FC780007EA19 /* PII Redactor */ = {
			isa = PBXFileSystemSynchronizedRootGroup;
			path = "PII Redactor";
			sourceTree = "<group>";
		};
		A8495AEC2F99FC7B0007EA19 /* PII RedactorTests */ = {
			isa = PBXFileSystemSynchronizedRootGroup;
			path = "PII RedactorTests";
			sourceTree = "<group>";
		};
		A8495AF62F99FC7B0007EA19 /* PII RedactorUITests */ = {
			isa = PBXFileSystemSynchronizedRootGroup;
			path = "PII RedactorUITests";
			sourceTree = "<group>";
		};
/* End PBXFileSystemSynchronizedRootGroup section */

/* Begin PBXFrameworksBuildPhase section */
		A8495AD42F99FC780007EA19 /* Frameworks */ = {
			isa = PBXFrameworksBuildPhase;
			buildActionMask = 2147483647;
			files = (
				DD00AA000000000000000001 /* Transformers in Frameworks */,
				DD00AA000000000000000002 /* Hub in Frameworks */,
				DD00AA000000000000000003 /* onnxruntime in Frameworks */,
			);
			runOnlyForDeploymentPostprocessing = 0;
		};
		A8495AE62F99FC7B0007EA19 /* Frameworks */ = {
			isa = PBXFrameworksBuildPhase;
			buildActionMask = 2147483647;
			files = (
			);
			runOnlyForDeploymentPostprocessing = 0;
		};
		A8495AF02F99FC7B0007EA19 /* Frameworks */ = {
			isa = PBXFrameworksBuildPhase;
			buildActionMask = 2147483647;
			files = (
			);
			runOnlyForDeploymentPostprocessing = 0;
		};
/* End PBXFrameworksBuildPhase section */

/* Begin PBXGroup section */
		A8495ACE2F99FC780007EA19 = {
			isa = PBXGroup;
			children = (
				A8495AD92F99FC780007EA19 /* PII Redactor */,
				A8495AEC2F99FC7B0007EA19 /* PII RedactorTests */,
				A8495AF62F99FC7B0007EA19 /* PII RedactorUITests */,
				A8495AD82F99FC780007EA19 /* Products */,
			);
			sourceTree = "<group>";
		};
		A8495AD82F99FC780007EA19 /* Products */ = {
			isa = PBXGroup;
			children = (
				A8495AD72F99FC780007EA19 /* PII Redactor.app */,
				A8495AE92F99FC7B0007EA19 /* PII RedactorTests.xctest */,
				A8495AF32F99FC7B0007EA19 /* PII RedactorUITests.xctest */,
			);
			name = Products;
			sourceTree = "<group>";
		};
/* End PBXGroup section */

/* Begin PBXNativeTarget section */
		A8495AD62F99FC780007EA19 /* PII Redactor */ = {
			isa = PBXNativeTarget;
			buildConfigurationList = A8495AFD2F99FC7B0007EA19 /* Build configuration list for PBXNativeTarget "PII Redactor" */;
			buildPhases = (
				A8495AD32F99FC780007EA19 /* Sources */,
				A8495AD42F99FC780007EA19 /* Frameworks */,
				A8495AD52F99FC780007EA19 /* Resources */,
			);
			buildRules = (
			);
			dependencies = (
			);
			fileSystemSynchronizedGroups = (
				A8495AD92F99FC780007EA19 /* PII Redactor */,
			);
			name = "PII Redactor";
			packageProductDependencies = (
				CC00AA000000000000000001 /* Transformers */,
				CC00AA000000000000000002 /* Hub */,
				CC00AA000000000000000003 /* onnxruntime */,
			);
			productName = "PII Redactor";
			productReference = A8495AD72F99FC780007EA19 /* PII Redactor.app */;
			productType = "com.apple.product-type.application";
		};
		A8495AE82F99FC7B0007EA19 /* PII RedactorTests */ = {
			isa = PBXNativeTarget;
			buildConfigurationList = A8495B002F99FC7B0007EA19 /* Build configuration list for PBXNativeTarget "PII RedactorTests" */;
			buildPhases = (
				A8495AE52F99FC7B0007EA19 /* Sources */,
				A8495AE62F99FC7B0007EA19 /* Frameworks */,
				A8495AE72F99FC7B0007EA19 /* Resources */,
			);
			buildRules = (
			);
			dependencies = (
				A8495AEB2F99FC7B0007EA19 /* PBXTargetDependency */,
			);
			fileSystemSynchronizedGroups = (
				A8495AEC2F99FC7B0007EA19 /* PII RedactorTests */,
			);
			name = "PII RedactorTests";
			packageProductDependencies = (
			);
			productName = "PII RedactorTests";
			productReference = A8495AE92F99FC7B0007EA19 /* PII RedactorTests.xctest */;
			productType = "com.apple.product-type.bundle.unit-test";
		};
		A8495AF22F99FC7B0007EA19 /* PII RedactorUITests */ = {
			isa = PBXNativeTarget;
			buildConfigurationList = A8495B032F99FC7B0007EA19 /* Build configuration list for PBXNativeTarget "PII RedactorUITests" */;
			buildPhases = (
				A8495AEF2F99FC7B0007EA19 /* Sources */,
				A8495AF02F99FC7B0007EA19 /* Frameworks */,
				A8495AF12F99FC7B0007EA19 /* Resources */,
			);
			buildRules = (
			);
			dependencies = (
				A8495AF52F99FC7B0007EA19 /* PBXTargetDependency */,
			);
			fileSystemSynchronizedGroups = (
				A8495AF62F99FC7B0007EA19 /* PII RedactorUITests */,
			);
			name = "PII RedactorUITests";
			packageProductDependencies = (
			);
			productName = "PII RedactorUITests";
			productReference = A8495AF32F99FC7B0007EA19 /* PII RedactorUITests.xctest */;
			productType = "com.apple.product-type.bundle.ui-testing";
		};
/* End PBXNativeTarget section */

/* Begin PBXProject section */
		A8495ACF2F99FC780007EA19 /* Project object */ = {
			isa = PBXProject;
			attributes = {
				BuildIndependentTargetsInParallel = 1;
				LastSwiftUpdateCheck = 2640;
				LastUpgradeCheck = 2640;
				TargetAttributes = {
					A8495AD62F99FC780007EA19 = {
						CreatedOnToolsVersion = 26.4.1;
					};
					A8495AE82F99FC7B0007EA19 = {
						CreatedOnToolsVersion = 26.4.1;
						TestTargetID = A8495AD62F99FC780007EA19;
					};
					A8495AF22F99FC7B0007EA19 = {
						CreatedOnToolsVersion = 26.4.1;
						TestTargetID = A8495AD62F99FC780007EA19;
					};
				};
			};
			buildConfigurationList = A8495AD22F99FC780007EA19 /* Build configuration list for PBXProject "PII Redactor" */;
			developmentRegion = en;
			hasScannedForEncodings = 0;
			knownRegions = (
				en,
				Base,
			);
			mainGroup = A8495ACE2F99FC780007EA19;
			minimizedProjectReferenceProxies = 1;
			packageReferences = (
				BB00AA000000000000000001 /* XCRemoteSwiftPackageReference "swift-transformers" */,
				BB00AA000000000000000002 /* XCRemoteSwiftPackageReference "onnxruntime-swift-package-manager" */,
			);
			preferredProjectObjectVersion = 77;
			productRefGroup = A8495AD82F99FC780007EA19 /* Products */;
			projectDirPath = "";
			projectRoot = "";
			targets = (
				A8495AD62F99FC780007EA19 /* PII Redactor */,
				A8495AE82F99FC7B0007EA19 /* PII RedactorTests */,
				A8495AF22F99FC7B0007EA19 /* PII RedactorUITests */,
			);
		};
/* End PBXProject section */

/* Begin PBXResourcesBuildPhase section */
		A8495AD52F99FC780007EA19 /* Resources */ = {
			isa = PBXResourcesBuildPhase;
			buildActionMask = 2147483647;
			files = (
			);
			runOnlyForDeploymentPostprocessing = 0;
		};
		A8495AE72F99FC7B0007EA19 /* Resources */ = {
			isa = PBXResourcesBuildPhase;
			buildActionMask = 2147483647;
			files = (
			);
			runOnlyForDeploymentPostprocessing = 0;
		};
		A8495AF12F99FC7B0007EA19 /* Resources */ = {
			isa = PBXResourcesBuildPhase;
			buildActionMask = 2147483647;
			files = (
			);
			runOnlyForDeploymentPostprocessing = 0;
		};
/* End PBXResourcesBuildPhase section */

/* Begin PBXSourcesBuildPhase section */
		A8495AD32F99FC780007EA19 /* Sources */ = {
			isa = PBXSourcesBuildPhase;
			buildActionMask = 2147483647;
			files = (
			);
			runOnlyForDeploymentPostprocessing = 0;
		};
		A8495AE52F99FC7B0007EA19 /* Sources */ = {
			isa = PBXSourcesBuildPhase;
			buildActionMask = 2147483647;
			files = (
			);
			runOnlyForDeploymentPostprocessing = 0;
		};
		A8495AEF2F99FC7B0007EA19 /* Sources */ = {
			isa = PBXSourcesBuildPhase;
			buildActionMask = 2147483647;
			files = (
			);
			runOnlyForDeploymentPostprocessing = 0;
		};
/* End PBXSourcesBuildPhase section */

/* Begin PBXTargetDependency section */
		A8495AEB2F99FC7B0007EA19 /* PBXTargetDependency */ = {
			isa = PBXTargetDependency;
			target = A8495AD62F99FC780007EA19 /* PII Redactor */;
			targetProxy = A8495AEA2F99FC7B0007EA19 /* PBXContainerItemProxy */;
		};
		A8495AF52F99FC7B0007EA19 /* PBXTargetDependency */ = {
			isa = PBXTargetDependency;
			target = A8495AD62F99FC780007EA19 /* PII Redactor */;
			targetProxy = A8495AF42F99FC7B0007EA19 /* PBXContainerItemProxy */;
		};
/* End PBXTargetDependency section */

/* Begin XCBuildConfiguration section */
		A8495AFB2F99FC7B0007EA19 /* Debug */ = {
			isa = XCBuildConfiguration;
			buildSettings = {
				ALWAYS_SEARCH_USER_PATHS = NO;
				ASSETCATALOG_COMPILER_GENERATE_SWIFT_ASSET_SYMBOL_EXTENSIONS = YES;
				CLANG_ANALYZER_NONNULL = YES;
				CLANG_ANALYZER_NUMBER_OBJECT_CONVERSION = YES_AGGRESSIVE;
				CLANG_CXX_LANGUAGE_STANDARD = "gnu++20";
				CLANG_ENABLE_MODULES = YES;
				CLANG_ENABLE_OBJC_ARC = YES;
				CLANG_ENABLE_OBJC_WEAK = YES;
				CLANG_WARN_BLOCK_CAPTURE_AUTORELEASING = YES;
				CLANG_WARN_BOOL_CONVERSION = YES;
				CLANG_WARN_COMMA = YES;
				CLANG_WARN_CONSTANT_CONVERSION = YES;
				CLANG_WARN_DEPRECATED_OBJC_IMPLEMENTATIONS = YES;
				CLANG_WARN_DIRECT_OBJC_ISA_USAGE = YES_ERROR;
				CLANG_WARN_DOCUMENTATION_COMMENTS = YES;
				CLANG_WARN_EMPTY_BODY = YES;
				CLANG_WARN_ENUM_CONVERSION = YES;
				CLANG_WARN_INFINITE_RECURSION = YES;
				CLANG_WARN_INT_CONVERSION = YES;
				CLANG_WARN_NON_LITERAL_NULL_CONVERSION = YES;
				CLANG_WARN_OBJC_IMPLICIT_RETAIN_SELF = YES;
				CLANG_WARN_OBJC_LITERAL_CONVERSION = YES;
				CLANG_WARN_OBJC_ROOT_CLASS = YES_ERROR;
				CLANG_WARN_QUOTED_INCLUDE_IN_FRAMEWORK_HEADER = YES;
				CLANG_WARN_RANGE_LOOP_ANALYSIS = YES;
				CLANG_WARN_STRICT_PROTOTYPES = YES;
				CLANG_WARN_SUSPICIOUS_MOVE = YES;
				CLANG_WARN_UNGUARDED_AVAILABILITY = YES_AGGRESSIVE;
				CLANG_WARN_UNREACHABLE_CODE = YES;
				CLANG_WARN__DUPLICATE_METHOD_MATCH = YES;
				COPY_PHASE_STRIP = NO;
				DEBUG_INFORMATION_FORMAT = dwarf;
				DEVELOPMENT_TEAM = Y8TM6F3MC9;
				ENABLE_STRICT_OBJC_MSGSEND = YES;
				ENABLE_TESTABILITY = YES;
				ENABLE_USER_SCRIPT_SANDBOXING = YES;
				GCC_C_LANGUAGE_STANDARD = gnu17;
				GCC_DYNAMIC_NO_PIC = NO;
				GCC_NO_COMMON_BLOCKS = YES;
				GCC_OPTIMIZATION_LEVEL = 0;
				GCC_PREPROCESSOR_DEFINITIONS = (
					"DEBUG=1",
					"$(inherited)",
				);
				GCC_WARN_64_TO_32_BIT_CONVERSION = YES;
				GCC_WARN_ABOUT_RETURN_TYPE = YES_ERROR;
				GCC_WARN_UNDECLARED_SELECTOR = YES;
				GCC_WARN_UNINITIALIZED_AUTOS = YES_AGGRESSIVE;
				GCC_WARN_UNUSED_FUNCTION = YES;
				GCC_WARN_UNUSED_VARIABLE = YES;
				LOCALIZATION_PREFERS_STRING_CATALOGS = YES;
				MACOSX_DEPLOYMENT_TARGET = 26.3;
				MTL_ENABLE_DEBUG_INFO = INCLUDE_SOURCE;
				MTL_FAST_MATH = YES;
				ONLY_ACTIVE_ARCH = YES;
				SDKROOT = macosx;
				SWIFT_ACTIVE_COMPILATION_CONDITIONS = "DEBUG $(inherited)";
				SWIFT_OPTIMIZATION_LEVEL = "-Onone";
			};
			name = Debug;
		};
		A8495AFC2F99FC7B0007EA19 /* Release */ = {
			isa = XCBuildConfiguration;
			buildSettings = {
				ALWAYS_SEARCH_USER_PATHS = NO;
				ASSETCATALOG_COMPILER_GENERATE_SWIFT_ASSET_SYMBOL_EXTENSIONS = YES;
				CLANG_ANALYZER_NONNULL = YES;
				CLANG_ANALYZER_NUMBER_OBJECT_CONVERSION = YES_AGGRESSIVE;
				CLANG_CXX_LANGUAGE_STANDARD = "gnu++20";
				CLANG_ENABLE_MODULES = YES;
				CLANG_ENABLE_OBJC_ARC = YES;
				CLANG_ENABLE_OBJC_WEAK = YES;
				CLANG_WARN_BLOCK_CAPTURE_AUTORELEASING = YES;
				CLANG_WARN_BOOL_CONVERSION = YES;
				CLANG_WARN_COMMA = YES;
				CLANG_WARN_CONSTANT_CONVERSION = YES;
				CLANG_WARN_DEPRECATED_OBJC_IMPLEMENTATIONS = YES;
				CLANG_WARN_DIRECT_OBJC_ISA_USAGE = YES_ERROR;
				CLANG_WARN_DOCUMENTATION_COMMENTS = YES;
				CLANG_WARN_EMPTY_BODY = YES;
				CLANG_WARN_ENUM_CONVERSION = YES;
				CLANG_WARN_INFINITE_RECURSION = YES;
				CLANG_WARN_INT_CONVERSION = YES;
				CLANG_WARN_NON_LITERAL_NULL_CONVERSION = YES;
				CLANG_WARN_OBJC_IMPLICIT_RETAIN_SELF = YES;
				CLANG_WARN_OBJC_LITERAL_CONVERSION = YES;
				CLANG_WARN_OBJC_ROOT_CLASS = YES_ERROR;
				CLANG_WARN_QUOTED_INCLUDE_IN_FRAMEWORK_HEADER = YES;
				CLANG_WARN_RANGE_LOOP_ANALYSIS = YES;
				CLANG_WARN_STRICT_PROTOTYPES = YES;
				CLANG_WARN_SUSPICIOUS_MOVE = YES;
				CLANG_WARN_UNGUARDED_AVAILABILITY = YES_AGGRESSIVE;
				CLANG_WARN_UNREACHABLE_CODE = YES;
				CLANG_WARN__DUPLICATE_METHOD_MATCH = YES;
				COPY_PHASE_STRIP = NO;
				DEBUG_INFORMATION_FORMAT = "dwarf-with-dsym";
				DEVELOPMENT_TEAM = Y8TM6F3MC9;
				ENABLE_NS_ASSERTIONS = NO;
				ENABLE_STRICT_OBJC_MSGSEND = YES;
				ENABLE_USER_SCRIPT_SANDBOXING = YES;
				GCC_C_LANGUAGE_STANDARD = gnu17;
				GCC_NO_COMMON_BLOCKS = YES;
				GCC_WARN_64_TO_32_BIT_CONVERSION = YES;
				GCC_WARN_ABOUT_RETURN_TYPE = YES_ERROR;
				GCC_WARN_UNDECLARED_SELECTOR = YES;
				GCC_WARN_UNINITIALIZED_AUTOS = YES_AGGRESSIVE;
				GCC_WARN_UNUSED_FUNCTION = YES;
				GCC_WARN_UNUSED_VARIABLE = YES;
				LOCALIZATION_PREFERS_STRING_CATALOGS = YES;
				MACOSX_DEPLOYMENT_TARGET = 26.3;
				MTL_ENABLE_DEBUG_INFO = NO;
				MTL_FAST_MATH = YES;
				SDKROOT = macosx;
				SWIFT_COMPILATION_MODE = wholemodule;
			};
			name = Release;
		};
		A8495AFE2F99FC7B0007EA19 /* Debug */ = {
			isa = XCBuildConfiguration;
			buildSettings = {
				ASSETCATALOG_COMPILER_APPICON_NAME = AppIcon;
				ASSETCATALOG_COMPILER_GLOBAL_ACCENT_COLOR_NAME = AccentColor;
				CODE_SIGN_ENTITLEMENTS = "PII Redactor/PII Redactor.entitlements";
				CODE_SIGN_STYLE = Automatic;
				COMBINE_HIDPI_IMAGES = YES;
				CURRENT_PROJECT_VERSION = 1;
				DEVELOPMENT_TEAM = Y8TM6F3MC9;
				ENABLE_APP_SANDBOX = YES;
				ENABLE_HARDENED_RUNTIME = YES;
				ENABLE_PREVIEWS = YES;
				ENABLE_USER_SELECTED_FILES = readonly;
				GENERATE_INFOPLIST_FILE = YES;
				INFOPLIST_KEY_NSHumanReadableCopyright = "";
				LD_RUNPATH_SEARCH_PATHS = (
					"$(inherited)",
					"@executable_path/../Frameworks",
				);
				MARKETING_VERSION = 1.0;
				PRODUCT_BUNDLE_IDENTIFIER = "com.kamban.pii-redactor.PII-Redactor";
				PRODUCT_NAME = "$(TARGET_NAME)";
				REGISTER_APP_GROUPS = YES;
				STRING_CATALOG_GENERATE_SYMBOLS = YES;
				SWIFT_APPROACHABLE_CONCURRENCY = YES;
				SWIFT_DEFAULT_ACTOR_ISOLATION = MainActor;
				SWIFT_EMIT_LOC_STRINGS = YES;
				SWIFT_UPCOMING_FEATURE_MEMBER_IMPORT_VISIBILITY = YES;
				SWIFT_VERSION = 5.0;
			};
			name = Debug;
		};
		A8495AFF2F99FC7B0007EA19 /* Release */ = {
			isa = XCBuildConfiguration;
			buildSettings = {
				ASSETCATALOG_COMPILER_APPICON_NAME = AppIcon;
				ASSETCATALOG_COMPILER_GLOBAL_ACCENT_COLOR_NAME = AccentColor;
				CODE_SIGN_ENTITLEMENTS = "PII Redactor/PII Redactor.entitlements";
				CODE_SIGN_STYLE = Automatic;
				COMBINE_HIDPI_IMAGES = YES;
				CURRENT_PROJECT_VERSION = 1;
				DEVELOPMENT_TEAM = Y8TM6F3MC9;
				ENABLE_APP_SANDBOX = YES;
				ENABLE_HARDENED_RUNTIME = YES;
				ENABLE_PREVIEWS = YES;
				ENABLE_USER_SELECTED_FILES = readonly;
				GENERATE_INFOPLIST_FILE = YES;
				INFOPLIST_KEY_NSHumanReadableCopyright = "";
				LD_RUNPATH_SEARCH_PATHS = (
					"$(inherited)",
					"@executable_path/../Frameworks",
				);
				MARKETING_VERSION = 1.0;
				PRODUCT_BUNDLE_IDENTIFIER = "com.kamban.pii-redactor.PII-Redactor";
				PRODUCT_NAME = "$(TARGET_NAME)";
				REGISTER_APP_GROUPS = YES;
				STRING_CATALOG_GENERATE_SYMBOLS = YES;
				SWIFT_APPROACHABLE_CONCURRENCY = YES;
				SWIFT_DEFAULT_ACTOR_ISOLATION = MainActor;
				SWIFT_EMIT_LOC_STRINGS = YES;
				SWIFT_UPCOMING_FEATURE_MEMBER_IMPORT_VISIBILITY = YES;
				SWIFT_VERSION = 5.0;
			};
			name = Release;
		};
		A8495B012F99FC7B0007EA19 /* Debug */ = {
			isa = XCBuildConfiguration;
			buildSettings = {
				BUNDLE_LOADER = "$(TEST_HOST)";
				CODE_SIGN_STYLE = Automatic;
				CURRENT_PROJECT_VERSION = 1;
				DEVELOPMENT_TEAM = Y8TM6F3MC9;
				GENERATE_INFOPLIST_FILE = YES;
				MACOSX_DEPLOYMENT_TARGET = 26.3;
				MARKETING_VERSION = 1.0;
				PRODUCT_BUNDLE_IDENTIFIER = "com.kamban.pii-redactor.PII-RedactorTests";
				PRODUCT_NAME = "$(TARGET_NAME)";
				STRING_CATALOG_GENERATE_SYMBOLS = NO;
				SWIFT_APPROACHABLE_CONCURRENCY = YES;
				SWIFT_EMIT_LOC_STRINGS = NO;
				SWIFT_UPCOMING_FEATURE_MEMBER_IMPORT_VISIBILITY = YES;
				SWIFT_VERSION = 5.0;
				TEST_HOST = "$(BUILT_PRODUCTS_DIR)/PII Redactor.app/$(BUNDLE_EXECUTABLE_FOLDER_PATH)/PII Redactor";
			};
			name = Debug;
		};
		A8495B022F99FC7B0007EA19 /* Release */ = {
			isa = XCBuildConfiguration;
			buildSettings = {
				BUNDLE_LOADER = "$(TEST_HOST)";
				CODE_SIGN_STYLE = Automatic;
				CURRENT_PROJECT_VERSION = 1;
				DEVELOPMENT_TEAM = Y8TM6F3MC9;
				GENERATE_INFOPLIST_FILE = YES;
				MACOSX_DEPLOYMENT_TARGET = 26.3;
				MARKETING_VERSION = 1.0;
				PRODUCT_BUNDLE_IDENTIFIER = "com.kamban.pii-redactor.PII-RedactorTests";
				PRODUCT_NAME = "$(TARGET_NAME)";
				STRING_CATALOG_GENERATE_SYMBOLS = NO;
				SWIFT_APPROACHABLE_CONCURRENCY = YES;
				SWIFT_EMIT_LOC_STRINGS = NO;
				SWIFT_UPCOMING_FEATURE_MEMBER_IMPORT_VISIBILITY = YES;
				SWIFT_VERSION = 5.0;
				TEST_HOST = "$(BUILT_PRODUCTS_DIR)/PII Redactor.app/$(BUNDLE_EXECUTABLE_FOLDER_PATH)/PII Redactor";
			};
			name = Release;
		};
		A8495B042F99FC7B0007EA19 /* Debug */ = {
			isa = XCBuildConfiguration;
			buildSettings = {
				CODE_SIGN_STYLE = Automatic;
				CURRENT_PROJECT_VERSION = 1;
				DEVELOPMENT_TEAM = Y8TM6F3MC9;
				GENERATE_INFOPLIST_FILE = YES;
				MARKETING_VERSION = 1.0;
				PRODUCT_BUNDLE_IDENTIFIER = "com.kamban.pii-redactor.PII-RedactorUITests";
				PRODUCT_NAME = "$(TARGET_NAME)";
				STRING_CATALOG_GENERATE_SYMBOLS = NO;
				SWIFT_APPROACHABLE_CONCURRENCY = YES;
				SWIFT_EMIT_LOC_STRINGS = NO;
				SWIFT_UPCOMING_FEATURE_MEMBER_IMPORT_VISIBILITY = YES;
				SWIFT_VERSION = 5.0;
				TEST_TARGET_NAME = "PII Redactor";
			};
			name = Debug;
		};
		A8495B052F99FC7B0007EA19 /* Release */ = {
			isa = XCBuildConfiguration;
			buildSettings = {
				CODE_SIGN_STYLE = Automatic;
				CURRENT_PROJECT_VERSION = 1;
				DEVELOPMENT_TEAM = Y8TM6F3MC9;
				GENERATE_INFOPLIST_FILE = YES;
				MARKETING_VERSION = 1.0;
				PRODUCT_BUNDLE_IDENTIFIER = "com.kamban.pii-redactor.PII-RedactorUITests";
				PRODUCT_NAME = "$(TARGET_NAME)";
				STRING_CATALOG_GENERATE_SYMBOLS = NO;
				SWIFT_APPROACHABLE_CONCURRENCY = YES;
				SWIFT_EMIT_LOC_STRINGS = NO;
				SWIFT_UPCOMING_FEATURE_MEMBER_IMPORT_VISIBILITY = YES;
				SWIFT_VERSION = 5.0;
				TEST_TARGET_NAME = "PII Redactor";
			};
			name = Release;
		};
/* End XCBuildConfiguration section */

/* Begin XCConfigurationList section */
		A8495AD22F99FC780007EA19 /* Build configuration list for PBXProject "PII Redactor" */ = {
			isa = XCConfigurationList;
			buildConfigurations = (
				A8495AFB2F99FC7B0007EA19 /* Debug */,
				A8495AFC2F99FC7B0007EA19 /* Release */,
			);
			defaultConfigurationIsVisible = 0;
			defaultConfigurationName = Release;
		};
		A8495AFD2F99FC7B0007EA19 /* Build configuration list for PBXNativeTarget "PII Redactor" */ = {
			isa = XCConfigurationList;
			buildConfigurations = (
				A8495AFE2F99FC7B0007EA19 /* Debug */,
				A8495AFF2F99FC7B0007EA19 /* Release */,
			);
			defaultConfigurationIsVisible = 0;
			defaultConfigurationName = Release;
		};
		A8495B002F99FC7B0007EA19 /* Build configuration list for PBXNativeTarget "PII RedactorTests" */ = {
			isa = XCConfigurationList;
			buildConfigurations = (
				A8495B012F99FC7B0007EA19 /* Debug */,
				A8495B022F99FC7B0007EA19 /* Release */,
			);
			defaultConfigurationIsVisible = 0;
			defaultConfigurationName = Release;
		};
		A8495B032F99FC7B0007EA19 /* Build configuration list for PBXNativeTarget "PII RedactorUITests" */ = {
			isa = XCConfigurationList;
			buildConfigurations = (
				A8495B042F99FC7B0007EA19 /* Debug */,
				A8495B052F99FC7B0007EA19 /* Release */,
			);
			defaultConfigurationIsVisible = 0;
			defaultConfigurationName = Release;
		};
/* End XCConfigurationList section */

/* Begin XCRemoteSwiftPackageReference section */
		BB00AA000000000000000001 /* XCRemoteSwiftPackageReference "swift-transformers" */ = {
			isa = XCRemoteSwiftPackageReference;
			repositoryURL = "https://github.com/huggingface/swift-transformers";
			requirement = {
				kind = upToNextMajorVersion;
				minimumVersion = 1.3.0;
			};
		};
		BB00AA000000000000000002 /* XCRemoteSwiftPackageReference "onnxruntime-swift-package-manager" */ = {
			isa = XCRemoteSwiftPackageReference;
			repositoryURL = "https://github.com/microsoft/onnxruntime-swift-package-manager";
			requirement = {
				kind = upToNextMajorVersion;
				minimumVersion = 1.20.0;
			};
		};
/* End XCRemoteSwiftPackageReference section */

/* Begin XCSwiftPackageProductDependency section */
		CC00AA000000000000000001 /* Transformers */ = {
			isa = XCSwiftPackageProductDependency;
			package = BB00AA000000000000000001 /* XCRemoteSwiftPackageReference "swift-transformers" */;
			productName = Transformers;
		};
		CC00AA000000000000000002 /* Hub */ = {
			isa = XCSwiftPackageProductDependency;
			package = BB00AA000000000000000001 /* XCRemoteSwiftPackageReference "swift-transformers" */;
			productName = Hub;
		};
		CC00AA000000000000000003 /* onnxruntime */ = {
			isa = XCSwiftPackageProductDependency;
			package = BB00AA000000000000000002 /* XCRemoteSwiftPackageReference "onnxruntime-swift-package-manager" */;
			productName = onnxruntime;
		};
/* End XCSwiftPackageProductDependency section */
	};
	rootObject = A8495ACF2F99FC780007EA19 /* Project object */;
}
